// !$*UTF8*$!
{
	archiveVersion = 1;
	classes = {
	};
	objectVersion = 46;
	objects = {

/* Begin PBXBuildFile section */
		D50E13F81C5747070008EF51 /* main.m in Sources */ = {isa = PBXBuildFile; fileRef = D50E13F71C5747070008EF51 /* main.m */; };
		D50E13FB1C5747070008EF51 /* AppDelegate.m in Sources */ = {isa = PBXBuildFile; fileRef = D50E13FA1C5747070008EF51 /* AppDelegate.m */; };
		D50E13FE1C5747070008EF51 /* ViewController.m in Sources */ = {isa = PBXBuildFile; fileRef = D50E13FD1C5747070008EF51 /* ViewController.m */; };
		D50E14011C5747070008EF51 /* Main.storyboard in Resources */ = {isa = PBXBuildFile; fileRef = D50E13FF1C5747070008EF51 /* Main.storyboard */; };
		D50E14031C5747070008EF51 /* Assets.xcassets in Resources */ = {isa = PBXBuildFile; fileRef = D50E14021C5747070008EF51 /* Assets.xcassets */; };
		D50E14061C5747070008EF51 /* LaunchScreen.storyboard in Resources */ = {isa = PBXBuildFile; fileRef = D50E14041C5747070008EF51 /* LaunchScreen.storyboard */; };
		D50E14111C5747070008EF51 /* _0160126003_UIViewController_LifeTests.m in Sources */ = {isa = PBXBuildFile; fileRef = D50E14101C5747070008EF51 /* _0160126003_UIViewController_LifeTests.m */; };
		D50E141C1C5747080008EF51 /* _0160126003_UIViewController_LifeUITests.m in Sources */ = {isa = PBXBuildFile; fileRef = D50E141B1C5747080008EF51 /* _0160126003_UIViewController_LifeUITests.m */; };
		D50E142B1C574BE90008EF51 /* OneViewController.m in Sources */ = {isa = PBXBuildFile; fileRef = D50E142A1C574BE90008EF51 /* OneViewController.m */; };
/* End PBXBuildFile section */

/* Begin PBXContainerItemProxy section */
		D50E140D1C5747070008EF51 /* PBXContainerItemProxy */ = {
			isa = PBXContainerItemProxy;
			containerPortal = D50E13EB1C5747070008EF51 /* Project object */;
			proxyType = 1;
			remoteGlobalIDString = D50E13F21C5747070008EF51;
			remoteInfo = "20160126003-UIViewController-Life";
		};
		D50E14181C5747080008EF51 /* PBXContainerItemProxy */ = {
			isa = PBXContainerItemProxy;
			containerPortal = D50E13EB1C5747070008EF51 /* Project object */;
			proxyType = 1;
			remoteGlobalIDString = D50E13F21C5747070008EF51;
			remoteInfo = "20160126003-UIViewController-Life";
		};
/* End PBXContainerItemProxy section */

/* Begin PBXFileReference section */
		D50E13F31C5747070008EF51 /* 20160126003-UIViewController-Life.app */ = {isa = PBXFileReference; explicitFileType = wrapper.application; includeInIndex = 0; path = "20160126003-UIViewController-Life.app"; sourceTree = BUILT_PRODUCTS_DIR; };
		D50E13F71C5747070008EF51 /* main.m */ = {isa = PBXFileReference; lastKnownFileType = sourcecode.c.objc; path = main.m; sourceTree = "<group>"; };
		D50E13F91C5747070008EF51 /* AppDelegate.h */ = {isa = PBXFileReference; lastKnownFileType = sourcecode.c.h; path = AppDelegate.h; sourceTree = "<group>"; };
		D50E13FA1C5747070008EF51 /* AppDelegate.m */ = {isa = PBXFileReference; lastKnownFileType = sourcecode.c.objc; path = AppDelegate.m; sourceTree = "<group>"; };
		D50E13FC1C5747070008EF51 /* ViewController.h */ = {isa = PBXFileReference; lastKnownFileType = sourcecode.c.h; path = ViewController.h; sourceTree = "<group>"; };
		D50E13FD1C5747070008EF51 /* ViewController.m */ = {isa = PBXFileReference; lastKnownFileType = sourcecode.c.objc; path = ViewController.m; sourceTree = "<group>"; };
		D50E14001C5747070008EF51 /* Base */ = {isa = PBXFileReference; lastKnownFileType = file.storyboard; name = Base; path = Base.lproj/Main.storyboard; sourceTree = "<group>"; };
		D50E14021C5747070008EF51 /* Assets.xcassets */ = {isa = PBXFileReference; lastKnownFileType = folder.assetcatalog; path = Assets.xcassets; sourceTree = "<group>"; };
		D50E14051C5747070008EF51 /* Base */ = {isa = PBXFileReference; lastKnownFileType = file.storyboard; name = Base; path = Base.lproj/LaunchScreen.storyboard; sourceTree = "<group>"; };
		D50E14071C5747070008EF51 /* Info.plist */ = {isa = PBXFileReference; lastKnownFileType = text.plist.xml; path = Info.plist; sourceTree = "<group>"; };
		D50E140C1C5747070008EF51 /* 20160126003-UIViewController-LifeTests.xctest */ = {isa = PBXFileReference; explicitFileType = wrapper.cfbundle; includeInIndex = 0; path = "20160126003-UIViewController-LifeTests.xctest"; sourceTree = BUILT_PRODUCTS_DIR; };
		D50E14101C5747070008EF51 /* _0160126003_UIViewController_LifeTests.m */ = {isa = PBXFileReference; lastKnownFileType = sourcecode.c.objc; path = _0160126003_UIViewController_LifeTests.m; sourceTree = "<group>"; };
		D50E14121C5747070008EF51 /* Info.plist */ = {isa = PBXFileReference; lastKnownFileType = text.plist.xml; path = Info.plist; sourceTree = "<group>"; };
		D50E14171C5747080008EF51 /* 20160126003-UIViewController-LifeUITests.xctest */ = {isa = PBXFileReference; explicitFileType = wrapper.cfbundle; includeInIndex = 0; path = "20160126003-UIViewController-LifeUITests.xctest"; sourceTree = BUILT_PRODUCTS_DIR; };
		D50E141B1C5747080008EF51 /* _0160126003_UIViewController_LifeUITests.m */ = {isa = PBXFileReference; lastKnownFileType = sourcecode.c.objc; path = _0160126003_UIViewController_LifeUITests.m; sourceTree = "<group>"; };
		D50E141D1C5747080008EF51 /* Info.plist */ = {isa = PBXFileReference; lastKnownFileType = text.plist.xml; path = Info.plist; sourceTree = "<group>"; };
		D50E14291C574BE90008EF51 /* OneViewController.h */ = {isa = PBXFileReference; fileEncoding = 4; lastKnownFileType = sourcecode.c.h; path = OneViewController.h; sourceTree = "<group>"; };
		D50E142A1C574BE90008EF51 /* OneViewController.m */ = {isa = PBXFileReference; fileEncoding = 4; lastKnownFileType = sourcecode.c.objc; path = OneViewController.m; sourceTree = "<group>"; };
/* End PBXFileReference section */

/* Begin PBXFrameworksBuildPhase section */
		D50E13F01C5747070008EF51 /* Frameworks */ = {
			isa = PBXFrameworksBuildPhase;
			buildActionMask = 2147483647;
			files = (
			);
			runOnlyForDeploymentPostprocessing = 0;
		};
		D50E14091C5747070008EF51 /* Frameworks */ = {
			isa = PBXFrameworksBuildPhase;
			buildActionMask = 2147483647;
			files = (
			);
			runOnlyForDeploymentPostprocessing = 0;
		};
		D50E14141C5747070008EF51 /* Frameworks */ = {
			isa = PBXFrameworksBuildPhase;
			buildActionMask = 2147483647;
			files = (
			);
			runOnlyForDeploymentPostprocessing = 0;
		};
/* End PBXFrameworksBuildPhase section */

/* Begin PBXGroup section */
		D50E13EA1C5747070008EF51 = {
			isa = PBXGroup;
			children = (
				D50E13F51C5747070008EF51 /* 20160126003-UIViewController-Life */,
				D50E140F1C5747070008EF51 /* 20160126003-UIViewController-LifeTests */,
				D50E141A1C5747080008EF51 /* 20160126003-UIViewController-LifeUITests */,
				D50E13F41C5747070008EF51 /* Products */,
			);
			sourceTree = "<group>";
		};
		D50E13F41C5747070008EF51 /* Products */ = {
			isa = PBXGroup;
			children = (
				D50E13F31C5747070008EF51 /* 20160126003-UIViewController-Life.app */,
				D50E140C1C5747070008EF51 /* 20160126003-UIViewController-LifeTests.xctest */,
				D50E14171C5747080008EF51 /* 20160126003-UIViewController-LifeUITests.xctest */,
			);
			name = Products;
			sourceTree = "<group>";
		};
		D50E13F51C5747070008EF51 /* 20160126003-UIViewController-Life */ = {
			isa = PBXGroup;
			children = (
				D50E13F91C5747070008EF51 /* AppDelegate.h */,
				D50E13FA1C5747070008EF51 /* AppDelegate.m */,
				D50E13FC1C5747070008EF51 /* ViewController.h */,
				D50E13FD1C5747070008EF51 /* ViewController.m */,
				D50E13FF1C5747070008EF51 /* Main.storyboard */,
				D50E14291C574BE90008EF51 /* OneViewController.h */,
				D50E142A1C574BE90008EF51 /* OneViewController.m */,
				D50E14021C5747070008EF51 /* Assets.xcassets */,
				D50E14041C5747070008EF51 /* LaunchScreen.storyboard */,
				D50E14071C5747070008EF51 /* Info.plist */,
				D50E13F61C5747070008EF51 /* Supporting Files */,
			);
			path = "20160126003-UIViewController-Life";
			sourceTree = "<group>";
		};
		D50E13F61C5747070008EF51 /* Supporting Files */ = {
			isa = PBXGroup;
			children = (
				D50E13F71C5747070008EF51 /* main.m */,
			);
			name = "Supporting Files";
			sourceTree = "<group>";
		};
		D50E140F1C5747070008EF51 /* 20160126003-UIViewController-LifeTests */ = {
			isa = PBXGroup;
			children = (
				D50E14101C5747070008EF51 /* _0160126003_UIViewController_LifeTests.m */,
				D50E14121C5747070008EF51 /* Info.plist */,
			);
			path = "20160126003-UIViewController-LifeTests";
			sourceTree = "<group>";
		};
		D50E141A1C5747080008EF51 /* 20160126003-UIViewController-LifeUITests */ = {
			isa = PBXGroup;
			children = (
				D50E141B1C5747080008EF51 /* _0160126003_UIViewController_LifeUITests.m */,
				D50E141D1C5747080008EF51 /* Info.plist */,
			);
			path = "20160126003-UIViewController-LifeUITests";
			sourceTree = "<group>";
		};
/* End PBXGroup section */

/* Begin PBXNativeTarget section */
		D50E13F21C5747070008EF51 /* 20160126003-UIViewController-Life */ = {
			isa = PBXNativeTarget;
			buildConfigurationList = D50E14201C5747080008EF51 /* Build configuration list for PBXNativeTarget "20160126003-UIViewController-Life" */;
			buildPhases = (
				D50E13EF1C5747070008EF51 /* Sources */,
				D50E13F01C5747070008EF51 /* Frameworks */,
				D50E13F11C5747070008EF51 /* Resources */,
			);
			buildRules = (
			);
			dependencies = (
			);
			name = "20160126003-UIViewController-Life";
			productName = "20160126003-UIViewController-Life";
			productReference = D50E13F31C5747070008EF51 /* 20160126003-UIViewController-Life.app */;
			productType = "com.apple.product-type.application";
		};
		D50E140B1C5747070008EF51 /* 20160126003-UIViewController-LifeTests */ = {
			isa = PBXNativeTarget;
			buildConfigurationList = D50E14231C5747080008EF51 /* Build configuration list for PBXNativeTarget "20160126003-UIViewController-LifeTests" */;
			buildPhases = (
				D50E14081C5747070008EF51 /* Sources */,
				D50E14091C5747070008EF51 /* Frameworks */,
				D50E140A1C5747070008EF51 /* Resources */,
			);
			buildRules = (
			);
			dependencies = (
				D50E140E1C5747070008EF51 /* PBXTargetDependency */,
			);
			name = "20160126003-UIViewController-LifeTests";
			productName = "20160126003-UIViewController-LifeTests";
			productReference = D50E140C1C5747070008EF51 /* 20160126003-UIViewController-LifeTests.xctest */;
			productType = "com.apple.product-type.bundle.unit-test";
		};
		D50E14161C5747070008EF51 /* 20160126003-UIViewController-LifeUITests */ = {
			isa = PBXNativeTarget;
			buildConfigurationList = D50E14261C5747080008EF51 /* Build configuration list for PBXNativeTarget "20160126003-UIViewController-LifeUITests" */;
			buildPhases = (
				D50E14131C5747070008EF51 /* Sources */,
				D50E14141C5747070008EF51 /* Frameworks */,
				D50E14151C5747070008EF51 /* Resources */,
			);
			buildRules = (
			);
			dependencies = (
				D50E14191C5747080008EF51 /* PBXTargetDependency */,
			);
			name = "20160126003-UIViewController-LifeUITests";
			productName = "20160126003-UIViewController-LifeUITests";
			productReference = D50E14171C5747080008EF51 /* 20160126003-UIViewController-LifeUITests.xctest */;
			productType = "com.apple.product-type.bundle.ui-testing";
		};
/* End PBXNativeTarget section */

/* Begin PBXProject section */
		D50E13EB1C5747070008EF51 /* Project object */ = {
			isa = PBXProject;
			attributes = {
				LastUpgradeCheck = 0720;
				ORGANIZATIONNAME = Rainer;
				TargetAttributes = {
					D50E13F21C5747070008EF51 = {
						CreatedOnToolsVersion = 7.2;
					};
					D50E140B1C5747070008EF51 = {
						CreatedOnToolsVersion = 7.2;
						TestTargetID = D50E13F21C5747070008EF51;
					};
					D50E14161C5747070008EF51 = {
						CreatedOnToolsVersion = 7.2;
						TestTargetID = D50E13F21C5747070008EF51;
					};
				};
			};
			buildConfigurationList = D50E13EE1C5747070008EF51 /* Build configuration list for PBXProject "20160126003-UIViewController-Life" */;
			compatibilityVersion = "Xcode 3.2";
			developmentRegion = English;
			hasScannedForEncodings = 0;
			knownRegions = (
				en,
				Base,
			);
			mainGroup = D50E13EA1C5747070008EF51;
			productRefGroup = D50E13F41C5747070008EF51 /* Products */;
			projectDirPath = "";
			projectRoot = "";
			targets = (
				D50E13F21C5747070008EF51 /* 20160126003-UIViewController-Life */,
				D50E140B1C5747070008EF51 /* 20160126003-UIViewController-LifeTests */,
				D50E14161C5747070008EF51 /* 20160126003-UIViewController-LifeUITests */,
			);
		};
/* End PBXProject section */

/* Begin PBXResourcesBuildPhase section */
		D50E13F11C5747070008EF51 /* Resources */ = {
			isa = PBXResourcesBuildPhase;
			buildActionMask = 2147483647;
			files = (
				D50E14061C5747070008EF51 /* LaunchScreen.storyboard in Resources */,
				D50E14031C5747070008EF51 /* Assets.xcassets in Resources */,
				D50E14011C5747070008EF51 /* Main.storyboard in Resources */,
			);
			runOnlyForDeploymentPostprocessing = 0;
		};
		D50E140A1C5747070008EF51 /* Resources */ = {
			isa = PBXResourcesBuildPhase;
			buildActionMask = 2147483647;
			files = (
			);
			runOnlyForDeploymentPostprocessing = 0;
		};
		D50E14151C5747070008EF51 /* Resources */ = {
			isa = PBXResourcesBuildPhase;
			buildActionMask = 2147483647;
			files = (
			);
			runOnlyForDeploymentPostprocessing = 0;
		};
/* End PBXResourcesBuildPhase section */

/* Begin PBXSourcesBuildPhase section */
		D50E13EF1C5747070008EF51 /* Sources */ = {
			isa = PBXSourcesBuildPhase;
			buildActionMask = 2147483647;
			files = (
				D50E13FE1C5747070008EF51 /* ViewController.m in Sources */,
				D50E13FB1C5747070008EF51 /* AppDelegate.m in Sources */,
				D50E13F81C5747070008EF51 /* main.m in Sources */,
				D50E142B1C574BE90008EF51 /* OneViewController.m in Sources */,
			);
			runOnlyForDeploymentPostprocessing = 0;
		};
		D50E14081C5747070008EF51 /* Sources */ = {
			isa = PBXSourcesBuildPhase;
			buildActionMask = 2147483647;
			files = (
				D50E14111C5747070008EF51 /* _0160126003_UIViewController_LifeTests.m in Sources */,
			);
			runOnlyForDeploymentPostprocessing = 0;
		};
		D50E14131C5747070008EF51 /* Sources */ = {
			isa = PBXSourcesBuildPhase;
			buildActionMask = 2147483647;
			files = (
				D50E141C1C5747080008EF51 /* _0160126003_UIViewController_LifeUITests.m in Sources */,
			);
			runOnlyForDeploymentPostprocessing = 0;
		};
/* End PBXSourcesBuildPhase section */

/* Begin PBXTargetDependency section */
		D50E140E1C5747070008EF51 /* PBXTargetDependency */ = {
			isa = PBXTargetDependency;
			target = D50E13F21C5747070008EF51 /* 20160126003-UIViewController-Life */;
			targetProxy = D50E140D1C5747070008EF51 /* PBXContainerItemProxy */;
		};
		D50E14191C5747080008EF51 /* PBXTargetDependency */ = {
			isa = PBXTargetDependency;
			target = D50E13F21C5747070008EF51 /* 20160126003-UIViewController-Life */;
			targetProxy = D50E14181C5747080008EF51 /* PBXContainerItemProxy */;
		};
/* End PBXTargetDependency section */

/* Begin PBXVariantGroup section */
		D50E13FF1C5747070008EF51 /* Main.storyboard */ = {
			isa = PBXVariantGroup;
			children = (
				D50E14001C5747070008EF51 /* Base */,
			);
			name = Main.storyboard;
			sourceTree = "<group>";
		};
		D50E14041C5747070008EF51 /* LaunchScreen.storyboard */ = {
			isa = PBXVariantGroup;
			children = (
				D50E14051C5747070008EF51 /* Base */,
			);
			name = LaunchScreen.storyboard;
			sourceTree = "<group>";
		};
/* End PBXVariantGroup section */

/* Begin XCBuildConfiguration section */
		D50E141E1C5747080008EF51 /* Debug */ = {
			isa = XCBuildConfiguration;
			buildSettings = {
				ALWAYS_SEARCH_USER_PATHS = NO;
				CLANG_CXX_LANGUAGE_STANDARD = "gnu++0x";
				CLANG_CXX_LIBRARY = "libc++";
				CLANG_ENABLE_MODULES = YES;
				CLANG_ENABLE_OBJC_ARC = YES;
				CLANG_WARN_BOOL_CONVERSION = YES;
				CLANG_WARN_CONSTANT_CONVERSION = YES;
				CLANG_WARN_DIRECT_OBJC_ISA_USAGE = YES_ERROR;
				CLANG_WARN_EMPTY_BODY = YES;
				CLANG_WARN_ENUM_CONVERSION = YES;
				CLANG_WARN_INT_CONVERSION = YES;
				CLANG_WARN_OBJC_ROOT_CLASS = YES_ERROR;
				CLANG_WARN_UNREACHABLE_CODE = YES;
				CLANG_WARN__DUPLICATE_METHOD_MATCH = YES;
				"CODE_SIGN_IDENTITY[sdk=iphoneos*]" = "iPhone Developer";
				COPY_PHASE_STRIP = NO;
				DEBUG_INFORMATION_FORMAT = dwarf;
				ENABLE_STRICT_OBJC_MSGSEND = YES;
				ENABLE_TESTABILITY = YES;
				GCC_C_LANGUAGE_STANDARD = gnu99;
				GCC_DYNAMIC_NO_PIC = NO;
				GCC_NO_COMMON_BLOCKS = YES;
				GCC_OPTIMIZATION_LEVEL = 0;
				GCC_PREPROCESSOR_DEFINITIONS = (
					"DEBUG=1",
					"$(inherited)",
				);
				GCC_WARN_64_TO_32_BIT_CONVERSION = YES;
				GCC_WARN_ABOUT_RETURN_TYPE = YES_ERROR;
				GCC_WARN_UNDECLARED_SELECTOR = YES;
				GCC_WARN_UNINITIALIZED_AUTOS = YES_AGGRESSIVE;
				GCC_WARN_UNUSED_FUNCTION = YES;
				GCC_WARN_UNUSED_VARIABLE = YES;
				IPHONEOS_DEPLOYMENT_TARGET = 9.2;
				MTL_ENABLE_DEBUG_INFO = YES;
				ONLY_ACTIVE_ARCH = YES;
				SDKROOT = iphoneos;
				TARGETED_DEVICE_FAMILY = "1,2";
			};
			name = Debug;
		};
		D50E141F1C5747080008EF51 /* Release */ = {
			isa = XCBuildConfiguration;
			buildSettings = {
				ALWAYS_SEARCH_USER_PATHS = NO;
				CLANG_CXX_LANGUAGE_STANDARD = "gnu++0x";
				CLANG_CXX_LIBRARY = "libc++";
				CLANG_ENABLE_MODULES = YES;
				CLANG_ENABLE_OBJC_ARC = YES;
				CLANG_WARN_BOOL_CONVERSION = YES;
				CLANG_WARN_CONSTANT_CONVERSION = YES;
				CLANG_WARN_DIRECT_OBJC_ISA_USAGE = YES_ERROR;
				CLANG_WARN_EMPTY_BODY = YES;
				CLANG_WARN_ENUM_CONVERSION = YES;
				CLANG_WARN_INT_CONVERSION = YES;
				CLANG_WARN_OBJC_ROOT_CLASS = YES_ERROR;
				CLANG_WARN_UNREACHABLE_CODE = YES;
				CLANG_WARN__DUPLICATE_METHOD_MATCH = YES;
				"CODE_SIGN_IDENTITY[sdk=iphoneos*]" = "iPhone Developer";
				COPY_PHASE_STRIP = NO;
				DEBUG_INFORMATION_FORMAT = "dwarf-with-dsym";
				ENABLE_NS_ASSERTIONS = NO;
				ENABLE_STRICT_OBJC_MSGSEND = YES;
				GCC_C_LANGUAGE_STANDARD = gnu99;
				GCC_NO_COMMON_BLOCKS = YES;
				GCC_WARN_64_TO_32_BIT_CONVERSION = YES;
				GCC_WARN_ABOUT_RETURN_TYPE = YES_ERROR;
				GCC_WARN_UNDECLARED_SELECTOR = YES;
				GCC_WARN_UNINITIALIZED_AUTOS = YES_AGGRESSIVE;
				GCC_WARN_UNUSED_FUNCTION = YES;
				GCC_WARN_UNUSED_VARIABLE = YES;
				IPHONEOS_DEPLOYMENT_TARGET = 9.2;
				MTL_ENABLE_DEBUG_INFO = NO;
				SDKROOT = iphoneos;
				TARGETED_DEVICE_FAMILY = "1,2";
				VALIDATE_PRODUCT = YES;
			};
			name = Release;
		};
		D50E14211C5747080008EF51 /* Debug */ = {
			isa = XCBuildConfiguration;
			buildSettings = {
				ASSETCATALOG_COMPILER_APPICON_NAME = AppIcon;
				INFOPLIST_FILE = "20160126003-UIViewController-Life/Info.plist";
				LD_RUNPATH_SEARCH_PATHS = "$(inherited) @executable_path/Frameworks";
				PRODUCT_BUNDLE_IDENTIFIER = "com.rainer.-0160126003-UIViewController-Life";
				PRODUCT_NAME = "$(TARGET_NAME)";
			};
			name = Debug;
		};
		D50E14221C5747080008EF51 /* Release */ = {
			isa = XCBuildConfiguration;
			buildSettings = {
				ASSETCATALOG_COMPILER_APPICON_NAME = AppIcon;
				INFOPLIST_FILE = "20160126003-UIViewController-Life/Info.plist";
				LD_RUNPATH_SEARCH_PATHS = "$(inherited) @executable_path/Frameworks";
				PRODUCT_BUNDLE_IDENTIFIER = "com.rainer.-0160126003-UIViewController-Life";
				PRODUCT_NAME = "$(TARGET_NAME)";
			};
			name = Release;
		};
		D50E14241C5747080008EF51 /* Debug */ = {
			isa = XCBuildConfiguration;
			buildSettings = {
				BUNDLE_LOADER = "$(TEST_HOST)";
				INFOPLIST_FILE = "20160126003-UIViewController-LifeTests/Info.plist";
				LD_RUNPATH_SEARCH_PATHS = "$(inherited) @executable_path/Frameworks @loader_path/Frameworks";
				PRODUCT_BUNDLE_IDENTIFIER = "com.rainer.-0160126003-UIViewController-LifeTests";
				PRODUCT_NAME = "$(TARGET_NAME)";
				TEST_HOST = "$(BUILT_PRODUCTS_DIR)/20160126003-UIViewController-Life.app/20160126003-UIViewController-Life";
			};
			name = Debug;
		};
		D50E14251C5747080008EF51 /* Release */ = {
			isa = XCBuildConfiguration;
			buildSettings = {
				BUNDLE_LOADER = "$(TEST_HOST)";
				INFOPLIST_FILE = "20160126003-UIViewController-LifeTests/Info.plist";
				LD_RUNPATH_SEARCH_PATHS = "$(inherited) @executable_path/Frameworks @loader_path/Frameworks";
				PRODUCT_BUNDLE_IDENTIFIER = "com.rainer.-0160126003-UIViewController-LifeTests";
				PRODUCT_NAME = "$(TARGET_NAME)";
				TEST_HOST = "$(BUILT_PRODUCTS_DIR)/20160126003-UIViewController-Life.app/20160126003-UIViewController-Life";
			};
			name = Release;
		};
		D50E14271C5747080008EF51 /* Debug */ = {
			isa = XCBuildConfiguration;
			buildSettings = {
				INFOPLIST_FILE = "20160126003-UIViewController-LifeUITests/Info.plist";
				LD_RUNPATH_SEARCH_PATHS = "$(inherited) @executable_path/Frameworks @loader_path/Frameworks";
				PRODUCT_BUNDLE_IDENTIFIER = "com.rainer.-0160126003-UIViewController-LifeUITests";
				PRODUCT_NAME = "$(TARGET_NAME)";
				TEST_TARGET_NAME = "20160126003-UIViewController-Life";
				USES_XCTRUNNER = YES;
			};
			name = Debug;
		};
		D50E14281C5747080008EF51 /* Release */ = {
			isa = XCBuildConfiguration;
			buildSettings = {
				INFOPLIST_FILE = "20160126003-UIViewController-LifeUITests/Info.plist";
				LD_RUNPATH_SEARCH_PATHS = "$(inherited) @executable_path/Frameworks @loader_path/Frameworks";
				PRODUCT_BUNDLE_IDENTIFIER = "com.rainer.-0160126003-UIViewController-LifeUITests";
				PRODUCT_NAME = "$(TARGET_NAME)";
				TEST_TARGET_NAME = "20160126003-UIViewController-Life";
				USES_XCTRUNNER = YES;
			};
			name = Release;
		};
/* End XCBuildConfiguration section */

/* Begin XCConfigurationList section */
		D50E13EE1C5747070008EF51 /* Build configuration list for PBXProject "20160126003-UIViewController-Life" */ = {
			isa = XCConfigurationList;
			buildConfigurations = (
				D50E141E1C5747080008EF51 /* Debug */,
				D50E141F1C5747080008EF51 /* Release */,
			);
			defaultConfigurationIsVisible = 0;
			defaultConfigurationName = Release;
		};
		D50E14201C5747080008EF51 /* Build configuration list for PBXNativeTarget "20160126003-UIViewController-Life" */ = {
			isa = XCConfigurationList;
			buildConfigurations = (
				D50E14211C5747080008EF51 /* Debug */,
				D50E14221C5747080008EF51 /* Release */,
			);
			defaultConfigurationIsVisible = 0;
		};
		D50E14231C5747080008EF51 /* Build configuration list for PBXNativeTarget "20160126003-UIViewController-LifeTests" */ = {
			isa = XCConfigurationList;
			buildConfigurations = (
				D50E14241C5747080008EF51 /* Debug */,
				D50E14251C5747080008EF51 /* Release */,
			);
			defaultConfigurationIsVisible = 0;
		};
		D50E14261C5747080008EF51 /* Build configuration list for PBXNativeTarget "20160126003-UIViewController-LifeUITests" */ = {
			isa = XCConfigurationList;
			buildConfigurations = (
				D50E14271C5747080008EF51 /* Debug */,
				D50E14281C5747080008EF51 /* Release */,
			);
			defaultConfigurationIsVisible = 0;
		};
/* End XCConfigurationList section */
	};
	rootObject = D50E13EB1C5747070008EF51 /* Project object */;
}
